
Microsoft Visual Studio Solution File, Format Version 12.00
# Visual Studio 15
VisualStudioVersion = 15.0.27004.2006
MinimumVisualStudioVersion = 10.0.40219.1
Project("{8BC9CEB8-8B4A-11D0-8D11-00A0C91BC942}") = "arkham", "arkham\arkham.vcxproj", "{14A3505C-1BBF-47AA-AC0A-1ADEE9E65460}"
EndProject
Global
	GlobalSection(SolutionConfigurationPlatforms) = preSolution
		Debug|x64 = Debug|x64
		Debug|x86 = Debug|x86
		Release|x64 = Release|x64
		Release|x86 = Release|x86
	EndGlobalSection
	GlobalSection(ProjectConfigurationPlatforms) = postSolution
		{14A3505C-1BBF-47AA-AC0A-1ADEE9E65460}.Debug|x64.ActiveCfg = Debug|x64
		{14A3505C-1BBF-47AA-AC0A-1ADEE9E65460}.Debug|x64.Build.0 = Debug|x64
		{14A3505C-1BBF-47AA-AC0A-1ADEE9E65460}.Debug|x86.ActiveCfg = Debug|Win32
		{14A3505C-1BBF-47AA-AC0A-1ADEE9E65460}.Debug|x86.Build.0 = Debug|Win32
		{14A3505C-1BBF-47AA-AC0A-1ADEE9E65460}.Release|x64.ActiveCfg = Release|x64
		{14A3505C-1BBF-47AA-AC0A-1ADEE9E65460}.Release|x64.Build.0 = Release|x64
		{14A3505C-1BBF-47AA-AC0A-1ADEE9E65460}.Release|x86.ActiveCfg = Release|Win32
		{14A3505C-1BBF-47AA-AC0A-1ADEE9E65460}.Release|x86.Build.0 = Release|Win32
	EndGlobalSection
	GlobalSection(SolutionProperties) = preSolution
		HideSolutionNode = FALSE
	EndGlobalSection
	GlobalSection(ExtensibilityGlobals) = postSolution
		SolutionGuid = {193E19D3-A296-45E8-95A5-01F82FE4B7A2}
	EndGlobalSection
EndGlobal
